<?xml version="1.0" encoding="utf-8"?>
<Project ToolsVersion="4.0" xmlns="http://schemas.microsoft.com/developer/msbuild/2003">
  <ItemGroup>
    <Filter Include="ソース ファイル">
      <UniqueIdentifier>{4FC737F1-C7A5-4376-A066-2A32D752A2FF}</UniqueIdentifier>
      <Extensions>cpp;c;cc;cxx;c++;cppm;ixx;def;odl;idl;hpj;bat;asm;asmx</Extensions>
    </Filter>
    <Filter Include="DKJEN">
      <UniqueIdentifier>{cea1a72f-93b5-40c1-b438-eca232c03331}</UniqueIdentifier>
    </Filter>
    <Filter Include="DKJEN\Base">
      <UniqueIdentifier>{aa3ee7da-5e33-40d2-8712-18f1f8280c2f}</UniqueIdentifier>
    </Filter>
    <Filter Include="DKJEN\Utilipy">
      <UniqueIdentifier>{be0b49cf-5f9f-4333-a89d-d063df1029c5}</UniqueIdentifier>
    </Filter>
    <Filter Include="DKJEN\Management">
      <UniqueIdentifier>{f7cf9383-a287-4799-88e7-f05c6b7c8aba}</UniqueIdentifier>
    </Filter>
    <Filter Include="DKJEN\Math">
      <UniqueIdentifier>{73be5ec0-347e-4d2d-8f50-26983b897fd1}</UniqueIdentifier>
    </Filter>
    <Filter Include="DKJEN\Shader">
      <UniqueIdentifier>{a401da7e-afff-4101-8493-91fe4cf4e538}</UniqueIdentifier>
    </Filter>
    <Filter Include="DKJEN\Type">
      <UniqueIdentifier>{fdf38c82-c957-481f-aceb-4fbc77966666}</UniqueIdentifier>
    </Filter>
    <Filter Include="DKJEN\Base\DxCommon">
      <UniqueIdentifier>{59756443-50a2-4544-9739-d9e410191d33}</UniqueIdentifier>
    </Filter>
    <Filter Include="DKJEN\Base\Win">
      <UniqueIdentifier>{cc4b616d-3206-4cd2-942a-9ca0a3e90cd9}</UniqueIdentifier>
    </Filter>
    <Filter Include="DKJEN\Base\Log">
      <UniqueIdentifier>{f660c6de-7089-4bc7-9605-f19e08233b08}</UniqueIdentifier>
    </Filter>
    <Filter Include="DKJEN\Type\2D">
      <UniqueIdentifier>{4e1367a1-ed4f-4627-a165-5bcfe250df36}</UniqueIdentifier>
    </Filter>
    <Filter Include="DKJEN\Type\3D">
      <UniqueIdentifier>{ef5c8bc5-9c2a-4343-b48a-7498e51e6ef6}</UniqueIdentifier>
    </Filter>
    <Filter Include="DKJEN\CameraProjection">
      <UniqueIdentifier>{c70e3590-af8e-4ca0-9a1d-2bd7482326cd}</UniqueIdentifier>
    </Filter>
    <Filter Include="hlsl">
      <UniqueIdentifier>{cccd3f29-95a6-41bb-b9f3-49214d0ab677}</UniqueIdentifier>
    </Filter>
    <Filter Include="DKJEN\Base\PSO">
      <UniqueIdentifier>{cee9bf10-9630-42ff-af5d-b43297b866de}</UniqueIdentifier>
    </Filter>
    <Filter Include="DKJEN\TexDeta">
      <UniqueIdentifier>{ea856ce8-5218-48a7-ae3d-7c7ce67ba277}</UniqueIdentifier>
    </Filter>
    <Filter Include="DKJEN\Camera">
      <UniqueIdentifier>{ac08f034-35f0-42ca-a9ce-6f5aeeeb4fb5}</UniqueIdentifier>
    </Filter>
    <Filter Include="DKJEN\WorldTransform">
      <UniqueIdentifier>{c53ac5ef-4551-48a0-9f8a-7eb949737963}</UniqueIdentifier>
    </Filter>
    <Filter Include="DKJEN\Base\CreateBufferResource">
      <UniqueIdentifier>{d66a846c-70e5-4e57-8e38-74c9e2696e6f}</UniqueIdentifier>
    </Filter>
    <Filter Include="GameProject">
      <UniqueIdentifier>{27acabb8-0b2c-46ab-81b3-bb38ba355ed6}</UniqueIdentifier>
    </Filter>
    <Filter Include="GameProject\PLayer">
      <UniqueIdentifier>{7bce0c8f-fd6e-4a3a-a920-8b3d1b6dc9a1}</UniqueIdentifier>
    </Filter>
    <Filter Include="GameProject\GameSeen">
      <UniqueIdentifier>{9bc9cb5b-0eb8-4d77-a6dd-8e306d7bb627}</UniqueIdentifier>
    </Filter>
    <Filter Include="GameProject\GameSeen\StartSeen">
      <UniqueIdentifier>{1a961d99-acb9-44bb-a34f-c23ab7b87fa1}</UniqueIdentifier>
    </Filter>
    <Filter Include="GameProject\GameManager">
      <UniqueIdentifier>{764607de-351f-44d7-9fc3-765ec84dc2ba}</UniqueIdentifier>
    </Filter>
    <Filter Include="GameProject\GameSeen\IScene">
      <UniqueIdentifier>{4ec2fd1e-22ed-42d1-b495-58e00011cbd8}</UniqueIdentifier>
    </Filter>
    <Filter Include="GameProject\Block">
      <UniqueIdentifier>{00091886-7b6b-4e45-bbb9-8b919b0f7330}</UniqueIdentifier>
    </Filter>
    <Filter Include="DKJEN\PostEffect">
      <UniqueIdentifier>{9aa792d5-5c85-47f8-9ae9-e7b7991a4970}</UniqueIdentifier>
    </Filter>
    <Filter Include="DKJEN\PostEffect\OffScreenRendering">
      <UniqueIdentifier>{23318dbe-fa43-459c-ae30-6e0487e28224}</UniqueIdentifier>
    </Filter>
    <Filter Include="DKJEN\TexDeta\Data">
      <UniqueIdentifier>{bcfc85f9-e4e5-4f21-91f2-9867bf0efd8d}</UniqueIdentifier>
    </Filter>
    <Filter Include="DKJEN\TexDeta\Imgui">
      <UniqueIdentifier>{8cc35df4-360f-4e91-bdd2-c342afedceb1}</UniqueIdentifier>
    </Filter>
    <Filter Include="DKJEN\TexDeta\tex">
      <UniqueIdentifier>{ef0dc833-77c1-4d33-9f8b-702b51ee066e}</UniqueIdentifier>
    </Filter>
    <Filter Include="DKJEN\Skinning">
      <UniqueIdentifier>{edc4b4ce-4c8f-4a55-b5c9-07ed632dfc13}</UniqueIdentifier>
    </Filter>
    <Filter Include="DKJEN\Skinning\Animation">
      <UniqueIdentifier>{e62aa1b2-7ef5-4eee-a7dd-4d5cbfa1fe39}</UniqueIdentifier>
    </Filter>
    <Filter Include="DKJEN\JsonLoad">
      <UniqueIdentifier>{2276947b-0523-4f49-9bf1-0677c5d01f9d}</UniqueIdentifier>
    </Filter>
    <Filter Include="Project">
      <UniqueIdentifier>{252dfcb2-4e23-49dc-82e4-c72182a216b2}</UniqueIdentifier>
    </Filter>
    <Filter Include="Project\GameScene">
      <UniqueIdentifier>{fde56c3e-5949-4daf-bc06-6b5718261d22}</UniqueIdentifier>
    </Filter>
    <Filter Include="GameProject\GameSeen\SelectScene">
      <UniqueIdentifier>{260d44ec-ee28-4de5-a938-357b9997e1d7}</UniqueIdentifier>
    </Filter>
    <Filter Include="GameProject\GameSeen\PlayPlayScene">
      <UniqueIdentifier>{ef1e263d-edf5-407c-974d-cce7383fd4fd}</UniqueIdentifier>
    </Filter>
    <Filter Include="GameProject\GameSeen\clearScene">
      <UniqueIdentifier>{6ce61fcc-827e-49be-8862-e25596136953}</UniqueIdentifier>
    </Filter>
    <Filter Include="DKJEN\FirstScene">
      <UniqueIdentifier>{7c5a56cd-d58d-483e-a02b-c67818f768fb}</UniqueIdentifier>
    </Filter>
    <Filter Include="DKJEN\TexDeta\DDS">
      <UniqueIdentifier>{6329410d-a419-4cf6-986b-2f4ddc18fab4}</UniqueIdentifier>
    </Filter>
  </ItemGroup>
  <ItemGroup>
    <None Include=".editorconfig" />
    <None Include="resource\hlsl\CopyImage.hlsli">
      <Filter>hlsl</Filter>
    </None>
    <None Include="resource\hlsl\CopyImage.PS.hlsli">
      <Filter>hlsl</Filter>
    </None>
    <None Include="resource\hlsl\CopyImage.VS.hlsli">
      <Filter>hlsl</Filter>
    </None>
    <None Include="resource\hlsl\Object3d.hlsli">
      <Filter>hlsl</Filter>
    </None>
    <None Include="resource\hlsl\Paticle.hlsli">
      <Filter>hlsl</Filter>
    </None>
    <None Include="resource\hlsl\AnimationObject3D.hlsli">
      <Filter>hlsl</Filter>
    </None>
    <None Include="resource\hlsl\SkyBox.hlsli">
      <Filter>hlsl</Filter>
    </None>
  </ItemGroup>
  <ItemGroup>
    <ClCompile Include="main.cpp">
      <Filter>ソース ファイル</Filter>
    </ClCompile>
    <ClCompile Include="DKJEN\Utilipy\Input.cpp">
      <Filter>DKJEN\Utilipy</Filter>
    </ClCompile>
    <ClCompile Include="DKJEN\Imgui\imguiManager.cpp">
      <Filter>DKJEN\TexDeta\Imgui</Filter>
    </ClCompile>
    <ClCompile Include="DKJEN\Management\PSOCopileManagement.cpp">
      <Filter>DKJEN\Management</Filter>
    </ClCompile>
    <ClCompile Include="DKJEN\Math\Math.cpp">
      <Filter>DKJEN\Math</Filter>
    </ClCompile>
    <ClCompile Include="DKJEN\Shader\PolygonCompileShader.cpp">
      <Filter>DKJEN\Shader</Filter>
    </ClCompile>
    <ClCompile Include="DKJEN\Management\FrameManagement.cpp">
      <Filter>DKJEN\Management</Filter>
    </ClCompile>
    <ClCompile Include="DKJEN\Base\PolygonPSO.cpp">
      <Filter>DKJEN\Base\PSO</Filter>
    </ClCompile>
    <ClCompile Include="DKJEN\Base\SpritePSO.cpp">
      <Filter>DKJEN\Base\PSO</Filter>
    </ClCompile>
    <ClCompile Include="DKJEN\Base\TexturePSO.cpp">
      <Filter>DKJEN\Base\PSO</Filter>
    </ClCompile>
    <ClCompile Include="DKJEN\Base\DxCommon.cpp">
      <Filter>DKJEN\Base\DxCommon</Filter>
    </ClCompile>
    <ClCompile Include="DKJEN\Base\WinApp.cpp">
      <Filter>DKJEN\Base\Win</Filter>
    </ClCompile>
    <ClCompile Include="DKJEN\Base\Animation3DPSO.cpp">
      <Filter>DKJEN\Base\PSO</Filter>
    </ClCompile>
    <ClCompile Include="DKJEN\Base\Function.cpp">
      <Filter>DKJEN\Base\Log</Filter>
    </ClCompile>
    <ClCompile Include="DKJEN\Base\Log.cpp">
      <Filter>DKJEN\Base\Log</Filter>
    </ClCompile>
    <ClCompile Include="DKJEN\Type\Polygon.cpp">
      <Filter>DKJEN\Type\2D</Filter>
    </ClCompile>
    <ClCompile Include="DKJEN\Type\Sprite.cpp">
      <Filter>DKJEN\Type\2D</Filter>
    </ClCompile>
    <ClCompile Include="DKJEN\Type\Texture.cpp">
      <Filter>DKJEN\Type\2D</Filter>
    </ClCompile>
    <ClCompile Include="DKJEN\Type\Sphere.cpp">
      <Filter>DKJEN\Type\3D</Filter>
    </ClCompile>
    <ClCompile Include="DKJEN\Management\TypeManagement.cpp">
      <Filter>DKJEN\Management</Filter>
    </ClCompile>
    <ClCompile Include="DKJEN\CameraProjection\CameraProjection.cpp">
      <Filter>DKJEN\CameraProjection</Filter>
    </ClCompile>
    <ClCompile Include="DKJEN\Base\ParyiclePSO.cpp">
      <Filter>DKJEN\Base\PSO</Filter>
    </ClCompile>
    <ClCompile Include="DKJEN\Type\Particle.cpp">
      <Filter>DKJEN\Type</Filter>
    </ClCompile>
    <ClCompile Include="DKJEN\Management\DescriptorManagement.cpp">
      <Filter>DKJEN\Management</Filter>
    </ClCompile>
    <ClCompile Include="DKJEN\Camera\CameraData.cpp">
      <Filter>DKJEN\Camera</Filter>
    </ClCompile>
    <ClCompile Include="DKJEN\WorldTransform\WorldTransform.cpp">
      <Filter>DKJEN\WorldTransform</Filter>
    </ClCompile>
    <ClCompile Include="DKJEN\TexDeta\Image\ImageData.cpp">
      <Filter>DKJEN\TexDeta\Data</Filter>
    </ClCompile>
    <ClCompile Include="DKJEN\Base\CreateBufferResource.cpp">
      <Filter>DKJEN\Base\CreateBufferResource</Filter>
    </ClCompile>
    <ClCompile Include="GameProject\Player\Player.cpp">
      <Filter>GameProject\PLayer</Filter>
    </ClCompile>
    <ClCompile Include="GameProject\GameSeen\StartSeen\StartSeen.cpp">
      <Filter>GameProject\GameSeen\StartSeen</Filter>
    </ClCompile>
    <ClCompile Include="GameProject\GameManager\GameManager.cpp">
      <Filter>GameProject\GameManager</Filter>
    </ClCompile>
    <ClCompile Include="GameProject\Block\Block.cpp">
      <Filter>GameProject\Block</Filter>
    </ClCompile>
    <ClCompile Include="DKJEN\Utilipy\CSVLoad.cpp">
      <Filter>DKJEN\Utilipy</Filter>
    </ClCompile>
    <ClCompile Include="DKJEN\PostEffect\OffScreenRendering\RenderTextrure.cpp">
      <Filter>DKJEN\PostEffect\OffScreenRendering</Filter>
    </ClCompile>
    <ClCompile Include="DKJEN\Base\TexManager.cpp">
      <Filter>DKJEN\TexDeta\tex</Filter>
    </ClCompile>
    <ClCompile Include="DKJEN\Management\LoadObjManagement.cpp">
      <Filter>DKJEN\Management</Filter>
    </ClCompile>
    <ClCompile Include="DKJEN\Skinning\Animation\Skinning.cpp">
      <Filter>DKJEN\Skinning\Animation</Filter>
    </ClCompile>
    <ClCompile Include="DKJEN\Skinning\Animation\Bone.cpp">
      <Filter>DKJEN\Skinning\Animation</Filter>
    </ClCompile>
    <ClCompile Include="DKJEN\Type\Animation3D.cpp">
      <Filter>DKJEN\Type\3D</Filter>
    </ClCompile>
    <ClCompile Include="DKJEN\Type\Obj3D.cpp">
      <Filter>DKJEN\Type\3D</Filter>
    </ClCompile>
    <ClCompile Include="DKJEN\Base\LightPSO.cpp">
      <Filter>DKJEN\Base\PSO</Filter>
    </ClCompile>
    <ClCompile Include="DKJEN\JsonLoad\JsonLoad.cpp">
      <Filter>DKJEN\JsonLoad</Filter>
    </ClCompile>
    <ClCompile Include="Project\ProjectManager.cpp">
      <Filter>Project</Filter>
    </ClCompile>
    <ClCompile Include="Project\GameScene\GameScene.cpp">
      <Filter>Project\GameScene</Filter>
    </ClCompile>
    <ClCompile Include="DKJEN\Type\SkyBox.cpp">
      <Filter>DKJEN\Type\3D</Filter>
    </ClCompile>
    <ClCompile Include="DKJEN\Base\SkyBoxPSO.cpp">
      <Filter>DKJEN\Base\PSO</Filter>
    </ClCompile>
    <ClCompile Include="DKJEN\Shader\CompileShaderManager.cpp">
      <Filter>DKJEN\Shader</Filter>
    </ClCompile>
    <ClCompile Include="GameProject\GameSeen\PlayScene\PlayScene.cpp">
      <Filter>GameProject\GameSeen\PlayPlayScene</Filter>
    </ClCompile>
    <ClCompile Include="GameProject\GameSeen\SelectScene\SelectScene.cpp">
      <Filter>GameProject\GameSeen\SelectScene</Filter>
    </ClCompile>
    <ClCompile Include="GameProject\GameSeen\clearScene\clearScene.cpp">
      <Filter>GameProject\GameSeen\clearScene</Filter>
    </ClCompile>
    <ClCompile Include="DKJEN\FirstScene\FirstScene.cpp">
      <Filter>DKJEN\FirstScene</Filter>
    </ClCompile>
    <ClCompile Include="DKJEN\Utilipy\Audio.cpp">
      <Filter>DKJEN\Utilipy</Filter>
    </ClCompile>
    <ClCompile Include="DKJEN\TexDeta\DDS\DDS.cpp">
      <Filter>DKJEN\TexDeta\DDS</Filter>
    </ClCompile>
    <ClCompile Include="DKJEN\Type\DDSSprite.cpp">
      <Filter>DKJEN\Type</Filter>
    </ClCompile>
    <ClCompile Include="Project\GameScene\test.cpp">
      <Filter>ソース ファイル</Filter>
    </ClCompile>
  </ItemGroup>
  <ItemGroup>
    <ClInclude Include="DKJEN\Utilipy\Input.h">
      <Filter>DKJEN\Utilipy</Filter>
    </ClInclude>
    <ClInclude Include="DKJEN\Utilipy\AdditionInclude.h">
      <Filter>DKJEN\Utilipy</Filter>
    </ClInclude>
    <ClInclude Include="DKJEN\Utilipy\D3DResourceLeaker.h">
      <Filter>DKJEN\Utilipy</Filter>
    </ClInclude>
    <ClInclude Include="DKJEN\Imgui\imguiManager.h">
      <Filter>DKJEN\TexDeta\Imgui</Filter>
    </ClInclude>
    <ClInclude Include="DKJEN\Management\PSOCopileManagement.h">
      <Filter>DKJEN\Management</Filter>
    </ClInclude>
    <ClInclude Include="DKJEN\Shader\PolygonCompileShader.h">
      <Filter>DKJEN\Shader</Filter>
    </ClInclude>
    <ClInclude Include="DKJEN\Management\FrameManagement.h">
      <Filter>DKJEN\Management</Filter>
    </ClInclude>
    <ClInclude Include="DKJEN\Base\PolygonPSO.h">
      <Filter>DKJEN\Base\PSO</Filter>
    </ClInclude>
    <ClInclude Include="DKJEN\Base\SpritePSO.h">
      <Filter>DKJEN\Base\PSO</Filter>
    </ClInclude>
    <ClInclude Include="DKJEN\Base\TexturePSO.h">
      <Filter>DKJEN\Base\PSO</Filter>
    </ClInclude>
    <ClInclude Include="DKJEN\Base\DxCommon.h">
      <Filter>DKJEN\Base\DxCommon</Filter>
    </ClInclude>
    <ClInclude Include="DKJEN\Base\WinApp.h">
      <Filter>DKJEN\Base\Win</Filter>
    </ClInclude>
    <ClInclude Include="DKJEN\Base\Animation3DPSO.h">
      <Filter>DKJEN\Base\PSO</Filter>
    </ClInclude>
    <ClInclude Include="DKJEN\Base\Function.h">
      <Filter>DKJEN\Base\Log</Filter>
    </ClInclude>
    <ClInclude Include="DKJEN\Base\Log.h">
      <Filter>DKJEN\Base\Log</Filter>
    </ClInclude>
    <ClInclude Include="DKJEN\Type\Polygon.h">
      <Filter>DKJEN\Type\2D</Filter>
    </ClInclude>
    <ClInclude Include="DKJEN\Type\Sprite.h">
      <Filter>DKJEN\Type\2D</Filter>
    </ClInclude>
    <ClInclude Include="DKJEN\Type\Texture.h">
      <Filter>DKJEN\Type\2D</Filter>
    </ClInclude>
    <ClInclude Include="DKJEN\Type\Sphere.h">
      <Filter>DKJEN\Type\3D</Filter>
    </ClInclude>
    <ClInclude Include="DKJEN\Management\TypeManagement.h">
      <Filter>DKJEN\Management</Filter>
    </ClInclude>
    <ClInclude Include="DKJEN\CameraProjection\CameraProjection.h">
      <Filter>DKJEN\CameraProjection</Filter>
    </ClInclude>
    <ClInclude Include="DKJEN\Base\ParyiclePSO.h">
      <Filter>DKJEN\Base\PSO</Filter>
    </ClInclude>
    <ClInclude Include="DKJEN\Management\DescriptorManagement.h">
      <Filter>DKJEN\Management</Filter>
    </ClInclude>
    <ClInclude Include="DKJEN\TexDeta\Image\ImageData.h">
      <Filter>DKJEN\TexDeta\Data</Filter>
    </ClInclude>
    <ClInclude Include="DKJEN\Camera\CameraData.h">
      <Filter>DKJEN\Camera</Filter>
    </ClInclude>
    <ClInclude Include="DKJEN\WorldTransform\WorldTransform.h">
      <Filter>DKJEN\WorldTransform</Filter>
    </ClInclude>
    <ClInclude Include="DKJEN\Base\CreateBufferResource.h">
      <Filter>DKJEN\Base\CreateBufferResource</Filter>
    </ClInclude>
    <ClInclude Include="DKJEN\Math\Math.h">
      <Filter>DKJEN\Math</Filter>
    </ClInclude>
    <ClInclude Include="DKJEN\Type\Particle.h">
      <Filter>DKJEN\Type</Filter>
    </ClInclude>
    <ClInclude Include="GameProject\Player\Player.h">
      <Filter>GameProject\PLayer</Filter>
    </ClInclude>
    <ClInclude Include="GameProject\GameSeen\StartSeen\StartSeen.h">
      <Filter>GameProject\GameSeen\StartSeen</Filter>
    </ClInclude>
    <ClInclude Include="GameProject\GameSeen\StateSeen\IScene.h">
      <Filter>GameProject\GameSeen\IScene</Filter>
    </ClInclude>
    <ClInclude Include="GameProject\GameManager\GameManager.h">
      <Filter>GameProject\GameManager</Filter>
    </ClInclude>
    <ClInclude Include="GameProject\Block\Block.h">
      <Filter>GameProject\Block</Filter>
    </ClInclude>
    <ClInclude Include="DKJEN\Utilipy\CSVLoad.h">
      <Filter>DKJEN\Utilipy</Filter>
    </ClInclude>
    <ClInclude Include="DKJEN\PostEffect\OffScreenRendering\RenderTextrure.h">
      <Filter>DKJEN\PostEffect\OffScreenRendering</Filter>
    </ClInclude>
    <ClInclude Include="DKJEN\Base\TexManager.h">
      <Filter>DKJEN\TexDeta\tex</Filter>
    </ClInclude>
    <ClInclude Include="DKJEN\Skinning\Animation\Animation.h">
      <Filter>DKJEN\Skinning\Animation</Filter>
    </ClInclude>
    <ClInclude Include="DKJEN\Management\LoadObjManagement.h">
      <Filter>DKJEN\Management</Filter>
    </ClInclude>
    <ClInclude Include="DKJEN\Utilipy\SkinCluster.h">
      <Filter>DKJEN\Utilipy</Filter>
    </ClInclude>
    <ClInclude Include="DKJEN\Skinning\Animation\Skinning.h">
      <Filter>DKJEN\Skinning\Animation</Filter>
    </ClInclude>
    <ClInclude Include="DKJEN\Skinning\Animation\Bone.h">
      <Filter>DKJEN\Skinning\Animation</Filter>
    </ClInclude>
    <ClInclude Include="DKJEN\Type\Animation3D.h">
      <Filter>DKJEN\Type\3D</Filter>
    </ClInclude>
    <ClInclude Include="DKJEN\Type\Obj3D.h">
      <Filter>DKJEN\Type\3D</Filter>
    </ClInclude>
    <ClInclude Include="DKJEN\Base\LightPSO.h">
      <Filter>DKJEN\Base\PSO</Filter>
    </ClInclude>
    <ClInclude Include="DKJEN\JsonLoad\JsonLoad.h">
      <Filter>DKJEN\JsonLoad</Filter>
    </ClInclude>
    <ClInclude Include="Project\ProjectManager.h">
      <Filter>Project</Filter>
    </ClInclude>
    <ClInclude Include="Project\GameScene\GameScene.h">
      <Filter>Project\GameScene</Filter>
    </ClInclude>
    <ClInclude Include="DKJEN\Type\SkyBox.h">
      <Filter>DKJEN\Type\3D</Filter>
    </ClInclude>
    <ClInclude Include="DKJEN\Base\SkyBoxPSO.h">
      <Filter>DKJEN\Base\PSO</Filter>
    </ClInclude>
    <ClInclude Include="DKJEN\Shader\CompileShaderManager.h">
      <Filter>DKJEN\Shader</Filter>
    </ClInclude>
    <ClInclude Include="GameProject\GameSeen\SelectScene\SelectScene.h">
      <Filter>GameProject\GameSeen\SelectScene</Filter>
    </ClInclude>
    <ClInclude Include="GameProject\GameSeen\PlayScene\PlayScene.h">
      <Filter>GameProject\GameSeen\PlayPlayScene</Filter>
    </ClInclude>
    <ClInclude Include="GameProject\GameSeen\clearScene\clearScene.h">
      <Filter>GameProject\GameSeen\clearScene</Filter>
    </ClInclude>
    <ClInclude Include="DKJEN\FirstScene\FirstScene.h">
      <Filter>DKJEN\FirstScene</Filter>
    </ClInclude>
    <ClInclude Include="DKJEN\Utilipy\Audio.h">
      <Filter>DKJEN\Utilipy</Filter>
    </ClInclude>
    <ClInclude Include="DKJEN\Utilipy\AudioStruct.h">
      <Filter>DKJEN\Utilipy</Filter>
    </ClInclude>
    <ClInclude Include="DKJEN\TexDeta\DDS\DDS.h" />
    <ClInclude Include="DKJEN\Type\DDSSprite.h" />
    <ClInclude Include="Project\GameScene\test.h">
      <Filter>GameProject\GameSeen</Filter>
    </ClInclude>
  </ItemGroup>
  <ItemGroup>
    <FxCompile Include="resource\hlsl\LightObject.PS.hlsl">
      <Filter>hlsl</Filter>
    </FxCompile>
    <FxCompile Include="resource\hlsl\LightObject.VS.hlsl">
      <Filter>hlsl</Filter>
    </FxCompile>
    <FxCompile Include="resource\hlsl\Paticle.PS.hlsl">
      <Filter>hlsl</Filter>
    </FxCompile>
    <FxCompile Include="resource\hlsl\Paticle.VS.hlsl">
      <Filter>hlsl</Filter>
    </FxCompile>
    <FxCompile Include="resource\hlsl\PolygonObiject3d.VS.hlsl">
      <Filter>hlsl</Filter>
    </FxCompile>
    <FxCompile Include="resource\hlsl\PolygonOdject3d.PS.hlsl">
      <Filter>hlsl</Filter>
    </FxCompile>
    <FxCompile Include="resource\hlsl\SpriteObiject2d.PS.hlsl">
      <Filter>hlsl</Filter>
    </FxCompile>
    <FxCompile Include="resource\hlsl\SpriteObiject2d.VS.hlsl">
      <Filter>hlsl</Filter>
    </FxCompile>
    <FxCompile Include="resource\hlsl\TextureObiject3d.VS.hlsl">
      <Filter>hlsl</Filter>
    </FxCompile>
    <FxCompile Include="resource\hlsl\TextureOdject3d.PS.hlsl">
      <Filter>hlsl</Filter>
    </FxCompile>
    <FxCompile Include="resource\hlsl\AnimationObject3D.VS.hlsl">
      <Filter>hlsl</Filter>
    </FxCompile>
    <FxCompile Include="resource\hlsl\AnimationObject3D.PS.hlsl">
      <Filter>hlsl</Filter>
    </FxCompile>
    <FxCompile Include="resource\hlsl\SkyBox.PS.hlsl">
      <Filter>hlsl</Filter>
    </FxCompile>
    <FxCompile Include="resource\hlsl\SkyBox.VS.hlsl">
      <Filter>hlsl</Filter>
    </FxCompile>
  </ItemGroup>
</Project>